// !$*UTF8*$!
{
	archiveVersion = 1;
	classes = {
	};
	objectVersion = 46;
	objects = {

/* Begin PBXBuildFile section */
		C14DB59317CBBDDE00905967 /* BMEmbeddedMapViewController.m in Sources */ = {isa = PBXBuildFile; fileRef = C14DB59217CBBDDE00905967 /* BMEmbeddedMapViewController.m */; };
		C14DB59617CBD10200905967 /* BMCircularAnnotationView.m in Sources */ = {isa = PBXBuildFile; fileRef = C14DB59517CBD10200905967 /* BMCircularAnnotationView.m */; };
		C14DB59917CBE03700905967 /* BMStopAnnotationView.m in Sources */ = {isa = PBXBuildFile; fileRef = C14DB59817CBE03700905967 /* BMStopAnnotationView.m */; };
		C14DB59C17CBE2A700905967 /* BMStopAnnotation.m in Sources */ = {isa = PBXBuildFile; fileRef = C14DB59B17CBE2A700905967 /* BMStopAnnotation.m */; };
		C177FE9C17C3A83A00B2FE4F /* BNArrivalsTableViewController.m in Sources */ = {isa = PBXBuildFile; fileRef = C177FE9917C3A83A00B2FE4F /* BNArrivalsTableViewController.m */; };
		C177FE9E17C3A83A00B2FE4F /* BNNearbyViewController.m in Sources */ = {isa = PBXBuildFile; fileRef = C177FE9B17C3A83A00B2FE4F /* BNNearbyViewController.m */; };
		C190D7AE17BB0C96005C24F2 /* Foundation.framework in Frameworks */ = {isa = PBXBuildFile; fileRef = C190D7AD17BB0C96005C24F2 /* Foundation.framework */; };
		C190D7B017BB0C96005C24F2 /* CoreGraphics.framework in Frameworks */ = {isa = PBXBuildFile; fileRef = C190D7AF17BB0C96005C24F2 /* CoreGraphics.framework */; };
		C190D7B217BB0C96005C24F2 /* UIKit.framework in Frameworks */ = {isa = PBXBuildFile; fileRef = C190D7B117BB0C96005C24F2 /* UIKit.framework */; };
		C190D7B817BB0C96005C24F2 /* InfoPlist.strings in Resources */ = {isa = PBXBuildFile; fileRef = C190D7B617BB0C96005C24F2 /* InfoPlist.strings */; };
		C190D7BA17BB0C96005C24F2 /* main.m in Sources */ = {isa = PBXBuildFile; fileRef = C190D7B917BB0C96005C24F2 /* main.m */; };
		C190D7BE17BB0C96005C24F2 /* BIAppDelegate.m in Sources */ = {isa = PBXBuildFile; fileRef = C190D7BD17BB0C96005C24F2 /* BIAppDelegate.m */; };
		C190D7C117BB0C96005C24F2 /* Main.storyboard in Resources */ = {isa = PBXBuildFile; fileRef = C190D7BF17BB0C96005C24F2 /* Main.storyboard */; };
		C190D7C417BB0C96005C24F2 /* BIViewController.m in Sources */ = {isa = PBXBuildFile; fileRef = C190D7C317BB0C96005C24F2 /* BIViewController.m */; };
		C190D7C617BB0C96005C24F2 /* Images.xcassets in Resources */ = {isa = PBXBuildFile; fileRef = C190D7C517BB0C96005C24F2 /* Images.xcassets */; };
		C190D7CD17BB0C96005C24F2 /* XCTest.framework in Frameworks */ = {isa = PBXBuildFile; fileRef = C190D7CC17BB0C96005C24F2 /* XCTest.framework */; };
		C190D7CE17BB0C96005C24F2 /* Foundation.framework in Frameworks */ = {isa = PBXBuildFile; fileRef = C190D7AD17BB0C96005C24F2 /* Foundation.framework */; };
		C190D7CF17BB0C96005C24F2 /* UIKit.framework in Frameworks */ = {isa = PBXBuildFile; fileRef = C190D7B117BB0C96005C24F2 /* UIKit.framework */; };
		C190D7D717BB0C97005C24F2 /* InfoPlist.strings in Resources */ = {isa = PBXBuildFile; fileRef = C190D7D517BB0C97005C24F2 /* InfoPlist.strings */; };
		C190D7D917BB0C97005C24F2 /* BusItTests.m in Sources */ = {isa = PBXBuildFile; fileRef = C190D7D817BB0C97005C24F2 /* BusItTests.m */; };
		C198C22A17BB10F300A94F4D /* MapKit.framework in Frameworks */ = {isa = PBXBuildFile; fileRef = C198C22917BB10F300A94F4D /* MapKit.framework */; };
		C198C23817BB124600A94F4D /* BMRoutes.m in Sources */ = {isa = PBXBuildFile; fileRef = C198C22F17BB124600A94F4D /* BMRoutes.m */; };
		C198C23917BB124600A94F4D /* BMStatusView.m in Sources */ = {isa = PBXBuildFile; fileRef = C198C23117BB124600A94F4D /* BMStatusView.m */; };
		C198C23A17BB124600A94F4D /* BMVehicle.m in Sources */ = {isa = PBXBuildFile; fileRef = C198C23317BB124600A94F4D /* BMVehicle.m */; };
		C198C23B17BB124600A94F4D /* BMVehicleAnnotationView.m in Sources */ = {isa = PBXBuildFile; fileRef = C198C23517BB124600A94F4D /* BMVehicleAnnotationView.m */; };
		C198C23C17BB124600A94F4D /* BMViewController.m in Sources */ = {isa = PBXBuildFile; fileRef = C198C23717BB124600A94F4D /* BMViewController.m */; };
		C198C24417BB131B00A94F4D /* BIHelpers.m in Sources */ = {isa = PBXBuildFile; fileRef = C198C24117BB131B00A94F4D /* BIHelpers.m */; };
		C198C24517BB131B00A94F4D /* BIRest.m in Sources */ = {isa = PBXBuildFile; fileRef = C198C24317BB131B00A94F4D /* BIRest.m */; };
		C19E604D17BB374500FB181A /* QuartzCore.framework in Frameworks */ = {isa = PBXBuildFile; fileRef = C19E604C17BB374500FB181A /* QuartzCore.framework */; };
		C1B4D60D17D0D1690014AB21 /* schema.sql in Resources */ = {isa = PBXBuildFile; fileRef = C1B4D60817D0D1690014AB21 /* schema.sql */; };
		C1B4D60E17D0D1690014AB21 /* schema.sql in Resources */ = {isa = PBXBuildFile; fileRef = C1B4D60817D0D1690014AB21 /* schema.sql */; };
		C1B4D61517D0D94C0014AB21 /* BDBusData.m in Sources */ = {isa = PBXBuildFile; fileRef = C1B4D61417D0D94C0014AB21 /* BDBusData.m */; };
		C1B4D61817D3C6B60014AB21 /* BDStop.m in Sources */ = {isa = PBXBuildFile; fileRef = C1B4D61717D3C6B60014AB21 /* BDStop.m */; };
		C1B4D61B17D3C8CC0014AB21 /* BDArrival.m in Sources */ = {isa = PBXBuildFile; fileRef = C1B4D61A17D3C8CC0014AB21 /* BDArrival.m */; };
		C1CEE70D17E8BF5D00C372F5 /* gtfs_tampa.db in Resources */ = {isa = PBXBuildFile; fileRef = C1CEE70C17E8BF5D00C372F5 /* gtfs_tampa.db */; };
		C1CEE70E17E8BF5D00C372F5 /* gtfs_tampa.db in Resources */ = {isa = PBXBuildFile; fileRef = C1CEE70C17E8BF5D00C372F5 /* gtfs_tampa.db */; };
		C1CEE70F17E8BF5D00C372F5 /* gtfs_tampa.db in Resources */ = {isa = PBXBuildFile; fileRef = C1CEE70C17E8BF5D00C372F5 /* gtfs_tampa.db */; };
		C1D0BDEF17CE950800FA976D /* FMDatabase.m in Sources */ = {isa = PBXBuildFile; fileRef = C1D0BDE517CE950800FA976D /* FMDatabase.m */; };
		C1D0BDF017CE950800FA976D /* FMDatabase.m in Sources */ = {isa = PBXBuildFile; fileRef = C1D0BDE517CE950800FA976D /* FMDatabase.m */; };
		C1D0BDF117CE950800FA976D /* FMDatabaseAdditions.m in Sources */ = {isa = PBXBuildFile; fileRef = C1D0BDE717CE950800FA976D /* FMDatabaseAdditions.m */; };
		C1D0BDF217CE950800FA976D /* FMDatabaseAdditions.m in Sources */ = {isa = PBXBuildFile; fileRef = C1D0BDE717CE950800FA976D /* FMDatabaseAdditions.m */; };
		C1D0BDF317CE950800FA976D /* FMDatabasePool.m in Sources */ = {isa = PBXBuildFile; fileRef = C1D0BDE917CE950800FA976D /* FMDatabasePool.m */; };
		C1D0BDF417CE950800FA976D /* FMDatabasePool.m in Sources */ = {isa = PBXBuildFile; fileRef = C1D0BDE917CE950800FA976D /* FMDatabasePool.m */; };
		C1D0BDF517CE950800FA976D /* FMDatabaseQueue.m in Sources */ = {isa = PBXBuildFile; fileRef = C1D0BDEB17CE950800FA976D /* FMDatabaseQueue.m */; };
		C1D0BDF617CE950800FA976D /* FMDatabaseQueue.m in Sources */ = {isa = PBXBuildFile; fileRef = C1D0BDEB17CE950800FA976D /* FMDatabaseQueue.m */; };
		C1D0BDF917CE950800FA976D /* FMResultSet.m in Sources */ = {isa = PBXBuildFile; fileRef = C1D0BDEE17CE950800FA976D /* FMResultSet.m */; };
		C1D0BDFA17CE950800FA976D /* FMResultSet.m in Sources */ = {isa = PBXBuildFile; fileRef = C1D0BDEE17CE950800FA976D /* FMResultSet.m */; };
		C1D0BDFC17CE955300FA976D /* libsqlite3.dylib in Frameworks */ = {isa = PBXBuildFile; fileRef = C1D0BDFB17CE955300FA976D /* libsqlite3.dylib */; };
		C1D9759717BB222F0037B005 /* BMOptions.m in Sources */ = {isa = PBXBuildFile; fileRef = C1D9759617BB222F0037B005 /* BMOptions.m */; };
		C1F42C9A17CC586F001F2825 /* BIHelpers.m in Sources */ = {isa = PBXBuildFile; fileRef = C198C24117BB131B00A94F4D /* BIHelpers.m */; };
		C1F42C9B17CC586F001F2825 /* BNNearbyViewController.m in Sources */ = {isa = PBXBuildFile; fileRef = C177FE9B17C3A83A00B2FE4F /* BNNearbyViewController.m */; };
		C1F42C9C17CC586F001F2825 /* BMOptions.m in Sources */ = {isa = PBXBuildFile; fileRef = C1D9759617BB222F0037B005 /* BMOptions.m */; };
		C1F42C9D17CC586F001F2825 /* BNArrivalsTableViewController.m in Sources */ = {isa = PBXBuildFile; fileRef = C177FE9917C3A83A00B2FE4F /* BNArrivalsTableViewController.m */; };
		C1F42C9E17CC586F001F2825 /* BMViewController.m in Sources */ = {isa = PBXBuildFile; fileRef = C198C23717BB124600A94F4D /* BMViewController.m */; };
		C1F42C9F17CC586F001F2825 /* BMVehicleAnnotationView.m in Sources */ = {isa = PBXBuildFile; fileRef = C198C23517BB124600A94F4D /* BMVehicleAnnotationView.m */; };
		C1F42CA017CC586F001F2825 /* BMEmbeddedMapViewController.m in Sources */ = {isa = PBXBuildFile; fileRef = C14DB59217CBBDDE00905967 /* BMEmbeddedMapViewController.m */; };
		C1F42CA117CC586F001F2825 /* BIViewController.m in Sources */ = {isa = PBXBuildFile; fileRef = C190D7C317BB0C96005C24F2 /* BIViewController.m */; };
		C1F42CA217CC586F001F2825 /* BMStopAnnotation.m in Sources */ = {isa = PBXBuildFile; fileRef = C14DB59B17CBE2A700905967 /* BMStopAnnotation.m */; };
		C1F42CA317CC586F001F2825 /* BIRest.m in Sources */ = {isa = PBXBuildFile; fileRef = C198C24317BB131B00A94F4D /* BIRest.m */; };
		C1F42CA417CC586F001F2825 /* BMStatusView.m in Sources */ = {isa = PBXBuildFile; fileRef = C198C23117BB124600A94F4D /* BMStatusView.m */; };
		C1F42CA517CC586F001F2825 /* main.m in Sources */ = {isa = PBXBuildFile; fileRef = C190D7B917BB0C96005C24F2 /* main.m */; };
		C1F42CA617CC586F001F2825 /* BMCircularAnnotationView.m in Sources */ = {isa = PBXBuildFile; fileRef = C14DB59517CBD10200905967 /* BMCircularAnnotationView.m */; };
		C1F42CA717CC586F001F2825 /* BMStopAnnotationView.m in Sources */ = {isa = PBXBuildFile; fileRef = C14DB59817CBE03700905967 /* BMStopAnnotationView.m */; };
		C1F42CA817CC586F001F2825 /* BMVehicle.m in Sources */ = {isa = PBXBuildFile; fileRef = C198C23317BB124600A94F4D /* BMVehicle.m */; };
		C1F42CA917CC586F001F2825 /* BMRoutes.m in Sources */ = {isa = PBXBuildFile; fileRef = C198C22F17BB124600A94F4D /* BMRoutes.m */; };
		C1F42CAA17CC586F001F2825 /* BIAppDelegate.m in Sources */ = {isa = PBXBuildFile; fileRef = C190D7BD17BB0C96005C24F2 /* BIAppDelegate.m */; };
		C1F42CAC17CC586F001F2825 /* QuartzCore.framework in Frameworks */ = {isa = PBXBuildFile; fileRef = C19E604C17BB374500FB181A /* QuartzCore.framework */; };
		C1F42CAD17CC586F001F2825 /* MapKit.framework in Frameworks */ = {isa = PBXBuildFile; fileRef = C198C22917BB10F300A94F4D /* MapKit.framework */; };
		C1F42CAE17CC586F001F2825 /* CoreGraphics.framework in Frameworks */ = {isa = PBXBuildFile; fileRef = C190D7AF17BB0C96005C24F2 /* CoreGraphics.framework */; };
		C1F42CAF17CC586F001F2825 /* UIKit.framework in Frameworks */ = {isa = PBXBuildFile; fileRef = C190D7B117BB0C96005C24F2 /* UIKit.framework */; };
		C1F42CB017CC586F001F2825 /* Foundation.framework in Frameworks */ = {isa = PBXBuildFile; fileRef = C190D7AD17BB0C96005C24F2 /* Foundation.framework */; };
		C1F42CB217CC586F001F2825 /* Images.xcassets in Resources */ = {isa = PBXBuildFile; fileRef = C190D7C517BB0C96005C24F2 /* Images.xcassets */; };
		C1F42CB317CC586F001F2825 /* InfoPlist.strings in Resources */ = {isa = PBXBuildFile; fileRef = C190D7B617BB0C96005C24F2 /* InfoPlist.strings */; };
		C1F42CB417CC586F001F2825 /* Main.storyboard in Resources */ = {isa = PBXBuildFile; fileRef = C190D7BF17BB0C96005C24F2 /* Main.storyboard */; };
/* End PBXBuildFile section */

/* Begin PBXContainerItemProxy section */
		C190D7D017BB0C97005C24F2 /* PBXContainerItemProxy */ = {
			isa = PBXContainerItemProxy;
			containerPortal = C190D7A217BB0C96005C24F2 /* Project object */;
			proxyType = 1;
			remoteGlobalIDString = C190D7A917BB0C96005C24F2;
			remoteInfo = BusIt;
		};
/* End PBXContainerItemProxy section */

/* Begin PBXFileReference section */
		C10825FF17C3A49700AE58CF /* BusIt-ios6-Info.plist */ = {isa = PBXFileReference; lastKnownFileType = text.plist.xml; name = "BusIt-ios6-Info.plist"; path = "/Users/lolcat/dev/busit/BusIt-ios6-Info.plist"; sourceTree = "<absolute>"; };
		C14DB59117CBBDDE00905967 /* BMEmbeddedMapViewController.h */ = {isa = PBXFileReference; fileEncoding = 4; lastKnownFileType = sourcecode.c.h; path = BMEmbeddedMapViewController.h; sourceTree = "<group>"; };
		C14DB59217CBBDDE00905967 /* BMEmbeddedMapViewController.m */ = {isa = PBXFileReference; fileEncoding = 4; lastKnownFileType = sourcecode.c.objc; path = BMEmbeddedMapViewController.m; sourceTree = "<group>"; };
		C14DB59417CBD10200905967 /* BMCircularAnnotationView.h */ = {isa = PBXFileReference; fileEncoding = 4; lastKnownFileType = sourcecode.c.h; path = BMCircularAnnotationView.h; sourceTree = "<group>"; };
		C14DB59517CBD10200905967 /* BMCircularAnnotationView.m */ = {isa = PBXFileReference; fileEncoding = 4; lastKnownFileType = sourcecode.c.objc; path = BMCircularAnnotationView.m; sourceTree = "<group>"; };
		C14DB59717CBE03700905967 /* BMStopAnnotationView.h */ = {isa = PBXFileReference; fileEncoding = 4; lastKnownFileType = sourcecode.c.h; path = BMStopAnnotationView.h; sourceTree = "<group>"; };
		C14DB59817CBE03700905967 /* BMStopAnnotationView.m */ = {isa = PBXFileReference; fileEncoding = 4; lastKnownFileType = sourcecode.c.objc; path = BMStopAnnotationView.m; sourceTree = "<group>"; };
		C14DB59A17CBE2A700905967 /* BMStopAnnotation.h */ = {isa = PBXFileReference; fileEncoding = 4; lastKnownFileType = sourcecode.c.h; path = BMStopAnnotation.h; sourceTree = "<group>"; };
		C14DB59B17CBE2A700905967 /* BMStopAnnotation.m */ = {isa = PBXFileReference; fileEncoding = 4; lastKnownFileType = sourcecode.c.objc; path = BMStopAnnotation.m; sourceTree = "<group>"; };
		C177FE9817C3A83A00B2FE4F /* BNArrivalsTableViewController.h */ = {isa = PBXFileReference; fileEncoding = 4; lastKnownFileType = sourcecode.c.h; path = BNArrivalsTableViewController.h; sourceTree = "<group>"; };
		C177FE9917C3A83A00B2FE4F /* BNArrivalsTableViewController.m */ = {isa = PBXFileReference; fileEncoding = 4; lastKnownFileType = sourcecode.c.objc; path = BNArrivalsTableViewController.m; sourceTree = "<group>"; };
		C177FE9A17C3A83A00B2FE4F /* BNNearbyViewController.h */ = {isa = PBXFileReference; fileEncoding = 4; lastKnownFileType = sourcecode.c.h; path = BNNearbyViewController.h; sourceTree = "<group>"; };
		C177FE9B17C3A83A00B2FE4F /* BNNearbyViewController.m */ = {isa = PBXFileReference; fileEncoding = 4; lastKnownFileType = sourcecode.c.objc; path = BNNearbyViewController.m; sourceTree = "<group>"; };
		C190D7AA17BB0C96005C24F2 /* BusIt.app */ = {isa = PBXFileReference; explicitFileType = wrapper.application; includeInIndex = 0; path = BusIt.app; sourceTree = BUILT_PRODUCTS_DIR; };
		C190D7AD17BB0C96005C24F2 /* Foundation.framework */ = {isa = PBXFileReference; lastKnownFileType = wrapper.framework; name = Foundation.framework; path = System/Library/Frameworks/Foundation.framework; sourceTree = SDKROOT; };
		C190D7AF17BB0C96005C24F2 /* CoreGraphics.framework */ = {isa = PBXFileReference; lastKnownFileType = wrapper.framework; name = CoreGraphics.framework; path = System/Library/Frameworks/CoreGraphics.framework; sourceTree = SDKROOT; };
		C190D7B117BB0C96005C24F2 /* UIKit.framework */ = {isa = PBXFileReference; lastKnownFileType = wrapper.framework; name = UIKit.framework; path = System/Library/Frameworks/UIKit.framework; sourceTree = SDKROOT; };
		C190D7B517BB0C96005C24F2 /* BusIt-Info.plist */ = {isa = PBXFileReference; lastKnownFileType = text.plist.xml; path = "BusIt-Info.plist"; sourceTree = "<group>"; };
		C190D7B717BB0C96005C24F2 /* en */ = {isa = PBXFileReference; lastKnownFileType = text.plist.strings; name = en; path = en.lproj/InfoPlist.strings; sourceTree = "<group>"; };
		C190D7B917BB0C96005C24F2 /* main.m */ = {isa = PBXFileReference; lastKnownFileType = sourcecode.c.objc; path = main.m; sourceTree = "<group>"; };
		C190D7BB17BB0C96005C24F2 /* BusIt-Prefix.pch */ = {isa = PBXFileReference; lastKnownFileType = sourcecode.c.h; path = "BusIt-Prefix.pch"; sourceTree = "<group>"; };
		C190D7BC17BB0C96005C24F2 /* BIAppDelegate.h */ = {isa = PBXFileReference; lastKnownFileType = sourcecode.c.h; path = BIAppDelegate.h; sourceTree = "<group>"; };
		C190D7BD17BB0C96005C24F2 /* BIAppDelegate.m */ = {isa = PBXFileReference; lastKnownFileType = sourcecode.c.objc; path = BIAppDelegate.m; sourceTree = "<group>"; };
		C190D7C017BB0C96005C24F2 /* Base */ = {isa = PBXFileReference; lastKnownFileType = file.storyboard; name = Base; path = Base.lproj/Main.storyboard; sourceTree = "<group>"; };
		C190D7C217BB0C96005C24F2 /* BIViewController.h */ = {isa = PBXFileReference; lastKnownFileType = sourcecode.c.h; path = BIViewController.h; sourceTree = "<group>"; };
		C190D7C317BB0C96005C24F2 /* BIViewController.m */ = {isa = PBXFileReference; lastKnownFileType = sourcecode.c.objc; path = BIViewController.m; sourceTree = "<group>"; };
		C190D7C517BB0C96005C24F2 /* Images.xcassets */ = {isa = PBXFileReference; lastKnownFileType = folder.assetcatalog; path = Images.xcassets; sourceTree = "<group>"; };
		C190D7CB17BB0C96005C24F2 /* BusItTests.xctest */ = {isa = PBXFileReference; explicitFileType = wrapper.cfbundle; includeInIndex = 0; path = BusItTests.xctest; sourceTree = BUILT_PRODUCTS_DIR; };
		C190D7CC17BB0C96005C24F2 /* XCTest.framework */ = {isa = PBXFileReference; lastKnownFileType = wrapper.framework; name = XCTest.framework; path = Library/Frameworks/XCTest.framework; sourceTree = DEVELOPER_DIR; };
		C190D7D417BB0C97005C24F2 /* BusItTests-Info.plist */ = {isa = PBXFileReference; lastKnownFileType = text.plist.xml; path = "BusItTests-Info.plist"; sourceTree = "<group>"; };
		C190D7D617BB0C97005C24F2 /* en */ = {isa = PBXFileReference; lastKnownFileType = text.plist.strings; name = en; path = en.lproj/InfoPlist.strings; sourceTree = "<group>"; };
		C190D7D817BB0C97005C24F2 /* BusItTests.m */ = {isa = PBXFileReference; lastKnownFileType = sourcecode.c.objc; path = BusItTests.m; sourceTree = "<group>"; };
		C198C22917BB10F300A94F4D /* MapKit.framework */ = {isa = PBXFileReference; lastKnownFileType = wrapper.framework; name = MapKit.framework; path = System/Library/Frameworks/MapKit.framework; sourceTree = SDKROOT; };
		C198C22D17BB124600A94F4D /* BMOptions.h */ = {isa = PBXFileReference; fileEncoding = 4; lastKnownFileType = sourcecode.c.h; path = BMOptions.h; sourceTree = "<group>"; };
		C198C22E17BB124600A94F4D /* BMRoutes.h */ = {isa = PBXFileReference; fileEncoding = 4; lastKnownFileType = sourcecode.c.h; path = BMRoutes.h; sourceTree = "<group>"; };
		C198C22F17BB124600A94F4D /* BMRoutes.m */ = {isa = PBXFileReference; fileEncoding = 4; lastKnownFileType = sourcecode.c.objc; path = BMRoutes.m; sourceTree = "<group>"; };
		C198C23017BB124600A94F4D /* BMStatusView.h */ = {isa = PBXFileReference; fileEncoding = 4; lastKnownFileType = sourcecode.c.h; path = BMStatusView.h; sourceTree = "<group>"; };
		C198C23117BB124600A94F4D /* BMStatusView.m */ = {isa = PBXFileReference; fileEncoding = 4; lastKnownFileType = sourcecode.c.objc; path = BMStatusView.m; sourceTree = "<group>"; };
		C198C23217BB124600A94F4D /* BMVehicle.h */ = {isa = PBXFileReference; fileEncoding = 4; lastKnownFileType = sourcecode.c.h; path = BMVehicle.h; sourceTree = "<group>"; };
		C198C23317BB124600A94F4D /* BMVehicle.m */ = {isa = PBXFileReference; fileEncoding = 4; lastKnownFileType = sourcecode.c.objc; path = BMVehicle.m; sourceTree = "<group>"; };
		C198C23417BB124600A94F4D /* BMVehicleAnnotationView.h */ = {isa = PBXFileReference; fileEncoding = 4; lastKnownFileType = sourcecode.c.h; path = BMVehicleAnnotationView.h; sourceTree = "<group>"; };
		C198C23517BB124600A94F4D /* BMVehicleAnnotationView.m */ = {isa = PBXFileReference; fileEncoding = 4; lastKnownFileType = sourcecode.c.objc; path = BMVehicleAnnotationView.m; sourceTree = "<group>"; };
		C198C23617BB124600A94F4D /* BMViewController.h */ = {isa = PBXFileReference; fileEncoding = 4; lastKnownFileType = sourcecode.c.h; path = BMViewController.h; sourceTree = "<group>"; };
		C198C23717BB124600A94F4D /* BMViewController.m */ = {isa = PBXFileReference; fileEncoding = 4; lastKnownFileType = sourcecode.c.objc; path = BMViewController.m; sourceTree = "<group>"; };
		C198C24017BB131B00A94F4D /* BIHelpers.h */ = {isa = PBXFileReference; fileEncoding = 4; lastKnownFileType = sourcecode.c.h; path = BIHelpers.h; sourceTree = "<group>"; };
		C198C24117BB131B00A94F4D /* BIHelpers.m */ = {isa = PBXFileReference; fileEncoding = 4; lastKnownFileType = sourcecode.c.objc; path = BIHelpers.m; sourceTree = "<group>"; };
		C198C24217BB131B00A94F4D /* BIRest.h */ = {isa = PBXFileReference; fileEncoding = 4; lastKnownFileType = sourcecode.c.h; name = BIRest.h; path = ../BIRest.h; sourceTree = "<group>"; };
		C198C24317BB131B00A94F4D /* BIRest.m */ = {isa = PBXFileReference; fileEncoding = 4; lastKnownFileType = sourcecode.c.objc; name = BIRest.m; path = ../BIRest.m; sourceTree = "<group>"; };
		C19E604C17BB374500FB181A /* QuartzCore.framework */ = {isa = PBXFileReference; lastKnownFileType = wrapper.framework; name = QuartzCore.framework; path = System/Library/Frameworks/QuartzCore.framework; sourceTree = SDKROOT; };
		C1B4D60817D0D1690014AB21 /* schema.sql */ = {isa = PBXFileReference; fileEncoding = 4; lastKnownFileType = text; path = schema.sql; sourceTree = "<group>"; };
		C1B4D61317D0D94C0014AB21 /* BDBusData.h */ = {isa = PBXFileReference; fileEncoding = 4; lastKnownFileType = sourcecode.c.h; path = BDBusData.h; sourceTree = "<group>"; };
		C1B4D61417D0D94C0014AB21 /* BDBusData.m */ = {isa = PBXFileReference; fileEncoding = 4; lastKnownFileType = sourcecode.c.objc; path = BDBusData.m; sourceTree = "<group>"; };
		C1B4D61617D3C6B60014AB21 /* BDStop.h */ = {isa = PBXFileReference; fileEncoding = 4; lastKnownFileType = sourcecode.c.h; path = BDStop.h; sourceTree = "<group>"; };
		C1B4D61717D3C6B60014AB21 /* BDStop.m */ = {isa = PBXFileReference; fileEncoding = 4; lastKnownFileType = sourcecode.c.objc; path = BDStop.m; sourceTree = "<group>"; };
		C1B4D61917D3C8CC0014AB21 /* BDArrival.h */ = {isa = PBXFileReference; fileEncoding = 4; lastKnownFileType = sourcecode.c.h; path = BDArrival.h; sourceTree = "<group>"; };
		C1B4D61A17D3C8CC0014AB21 /* BDArrival.m */ = {isa = PBXFileReference; fileEncoding = 4; lastKnownFileType = sourcecode.c.objc; path = BDArrival.m; sourceTree = "<group>"; };
		C1CEE70C17E8BF5D00C372F5 /* gtfs_tampa.db */ = {isa = PBXFileReference; lastKnownFileType = file; path = gtfs_tampa.db; sourceTree = "<group>"; };
		C1D0BDE417CE950800FA976D /* FMDatabase.h */ = {isa = PBXFileReference; fileEncoding = 4; lastKnownFileType = sourcecode.c.h; path = FMDatabase.h; sourceTree = "<group>"; };
		C1D0BDE517CE950800FA976D /* FMDatabase.m */ = {isa = PBXFileReference; fileEncoding = 4; lastKnownFileType = sourcecode.c.objc; path = FMDatabase.m; sourceTree = "<group>"; };
		C1D0BDE617CE950800FA976D /* FMDatabaseAdditions.h */ = {isa = PBXFileReference; fileEncoding = 4; lastKnownFileType = sourcecode.c.h; path = FMDatabaseAdditions.h; sourceTree = "<group>"; };
		C1D0BDE717CE950800FA976D /* FMDatabaseAdditions.m */ = {isa = PBXFileReference; fileEncoding = 4; lastKnownFileType = sourcecode.c.objc; path = FMDatabaseAdditions.m; sourceTree = "<group>"; };
		C1D0BDE817CE950800FA976D /* FMDatabasePool.h */ = {isa = PBXFileReference; fileEncoding = 4; lastKnownFileType = sourcecode.c.h; path = FMDatabasePool.h; sourceTree = "<group>"; };
		C1D0BDE917CE950800FA976D /* FMDatabasePool.m */ = {isa = PBXFileReference; fileEncoding = 4; lastKnownFileType = sourcecode.c.objc; path = FMDatabasePool.m; sourceTree = "<group>"; };
		C1D0BDEA17CE950800FA976D /* FMDatabaseQueue.h */ = {isa = PBXFileReference; fileEncoding = 4; lastKnownFileType = sourcecode.c.h; path = FMDatabaseQueue.h; sourceTree = "<group>"; };
		C1D0BDEB17CE950800FA976D /* FMDatabaseQueue.m */ = {isa = PBXFileReference; fileEncoding = 4; lastKnownFileType = sourcecode.c.objc; path = FMDatabaseQueue.m; sourceTree = "<group>"; };
		C1D0BDED17CE950800FA976D /* FMResultSet.h */ = {isa = PBXFileReference; fileEncoding = 4; lastKnownFileType = sourcecode.c.h; path = FMResultSet.h; sourceTree = "<group>"; };
		C1D0BDEE17CE950800FA976D /* FMResultSet.m */ = {isa = PBXFileReference; fileEncoding = 4; lastKnownFileType = sourcecode.c.objc; path = FMResultSet.m; sourceTree = "<group>"; };
		C1D0BDFB17CE955300FA976D /* libsqlite3.dylib */ = {isa = PBXFileReference; lastKnownFileType = "compiled.mach-o.dylib"; name = libsqlite3.dylib; path = usr/lib/libsqlite3.dylib; sourceTree = SDKROOT; };
		C1D9759617BB222F0037B005 /* BMOptions.m */ = {isa = PBXFileReference; fileEncoding = 4; lastKnownFileType = sourcecode.c.objc; path = BMOptions.m; sourceTree = "<group>"; };
		C1F42C9717CC582E001F2825 /* BusIt copy-Info.plist */ = {isa = PBXFileReference; lastKnownFileType = text.plist.xml; name = "BusIt copy-Info.plist"; path = "/Users/lolcat/dev/busit/BusIt copy-Info.plist"; sourceTree = "<absolute>"; };
		C1F42CB817CC586F001F2825 /* BusIt 0.1.1.app */ = {isa = PBXFileReference; explicitFileType = wrapper.application; includeInIndex = 0; path = "BusIt 0.1.1.app"; sourceTree = BUILT_PRODUCTS_DIR; };
		C1F42CB917CC5870001F2825 /* BusIt copy2-Info.plist */ = {isa = PBXFileReference; lastKnownFileType = text.plist.xml; name = "BusIt copy2-Info.plist"; path = "/Users/lolcat/dev/busit/BusIt copy2-Info.plist"; sourceTree = "<absolute>"; };
/* End PBXFileReference section */

/* Begin PBXFrameworksBuildPhase section */
		C190D7A717BB0C96005C24F2 /* Frameworks */ = {
			isa = PBXFrameworksBuildPhase;
			buildActionMask = 2147483647;
			files = (
				C1D0BDFC17CE955300FA976D /* libsqlite3.dylib in Frameworks */,
				C19E604D17BB374500FB181A /* QuartzCore.framework in Frameworks */,
				C198C22A17BB10F300A94F4D /* MapKit.framework in Frameworks */,
				C190D7B017BB0C96005C24F2 /* CoreGraphics.framework in Frameworks */,
				C190D7B217BB0C96005C24F2 /* UIKit.framework in Frameworks */,
				C190D7AE17BB0C96005C24F2 /* Foundation.framework in Frameworks */,
			);
			runOnlyForDeploymentPostprocessing = 0;
		};
		C190D7C817BB0C96005C24F2 /* Frameworks */ = {
			isa = PBXFrameworksBuildPhase;
			buildActionMask = 2147483647;
			files = (
				C190D7CD17BB0C96005C24F2 /* XCTest.framework in Frameworks */,
				C190D7CF17BB0C96005C24F2 /* UIKit.framework in Frameworks */,
				C190D7CE17BB0C96005C24F2 /* Foundation.framework in Frameworks */,
			);
			runOnlyForDeploymentPostprocessing = 0;
		};
		C1F42CAB17CC586F001F2825 /* Frameworks */ = {
			isa = PBXFrameworksBuildPhase;
			buildActionMask = 2147483647;
			files = (
				C1F42CAC17CC586F001F2825 /* QuartzCore.framework in Frameworks */,
				C1F42CAD17CC586F001F2825 /* MapKit.framework in Frameworks */,
				C1F42CAE17CC586F001F2825 /* CoreGraphics.framework in Frameworks */,
				C1F42CAF17CC586F001F2825 /* UIKit.framework in Frameworks */,
				C1F42CB017CC586F001F2825 /* Foundation.framework in Frameworks */,
			);
			runOnlyForDeploymentPostprocessing = 0;
		};
/* End PBXFrameworksBuildPhase section */

/* Begin PBXGroup section */
		C177FE9717C3A83A00B2FE4F /* Views */ = {
			isa = PBXGroup;
			children = (
				C177FE9817C3A83A00B2FE4F /* BNArrivalsTableViewController.h */,
				C177FE9917C3A83A00B2FE4F /* BNArrivalsTableViewController.m */,
				C177FE9A17C3A83A00B2FE4F /* BNNearbyViewController.h */,
				C177FE9B17C3A83A00B2FE4F /* BNNearbyViewController.m */,
			);
			name = Views;
			path = BusIt/BusNearby;
			sourceTree = "<group>";
		};
		C190D7A117BB0C96005C24F2 = {
			isa = PBXGroup;
			children = (
				C1B4D60517D0D1690014AB21 /* Models */,
				C177FE9717C3A83A00B2FE4F /* Views */,
				C198C22C17BB11D900A94F4D /* BusMap */,
				C190D7B317BB0C96005C24F2 /* BusIt */,
				C190D7D217BB0C97005C24F2 /* BusItTests */,
				C190D7AC17BB0C96005C24F2 /* Frameworks */,
				C190D7AB17BB0C96005C24F2 /* Products */,
				C1F42C9717CC582E001F2825 /* BusIt copy-Info.plist */,
				C1F42CB917CC5870001F2825 /* BusIt copy2-Info.plist */,
			);
			sourceTree = "<group>";
		};
		C190D7AB17BB0C96005C24F2 /* Products */ = {
			isa = PBXGroup;
			children = (
				C190D7AA17BB0C96005C24F2 /* BusIt.app */,
				C190D7CB17BB0C96005C24F2 /* BusItTests.xctest */,
				C1F42CB817CC586F001F2825 /* BusIt 0.1.1.app */,
			);
			name = Products;
			sourceTree = "<group>";
		};
		C190D7AC17BB0C96005C24F2 /* Frameworks */ = {
			isa = PBXGroup;
			children = (
				C1D0BDFB17CE955300FA976D /* libsqlite3.dylib */,
				C1D0BDE317CE950800FA976D /* FMDB */,
				C19E604C17BB374500FB181A /* QuartzCore.framework */,
				C198C22917BB10F300A94F4D /* MapKit.framework */,
				C190D7AD17BB0C96005C24F2 /* Foundation.framework */,
				C190D7AF17BB0C96005C24F2 /* CoreGraphics.framework */,
				C190D7B117BB0C96005C24F2 /* UIKit.framework */,
				C190D7CC17BB0C96005C24F2 /* XCTest.framework */,
			);
			name = Frameworks;
			sourceTree = "<group>";
		};
		C190D7B317BB0C96005C24F2 /* BusIt */ = {
			isa = PBXGroup;
			children = (
				C198C24017BB131B00A94F4D /* BIHelpers.h */,
				C198C24117BB131B00A94F4D /* BIHelpers.m */,
				C190D7BC17BB0C96005C24F2 /* BIAppDelegate.h */,
				C190D7BD17BB0C96005C24F2 /* BIAppDelegate.m */,
				C190D7BF17BB0C96005C24F2 /* Main.storyboard */,
				C190D7C217BB0C96005C24F2 /* BIViewController.h */,
				C190D7C317BB0C96005C24F2 /* BIViewController.m */,
				C190D7C517BB0C96005C24F2 /* Images.xcassets */,
				C190D7B417BB0C96005C24F2 /* Supporting Files */,
			);
			path = BusIt;
			sourceTree = "<group>";
		};
		C190D7B417BB0C96005C24F2 /* Supporting Files */ = {
			isa = PBXGroup;
			children = (
				C10825FF17C3A49700AE58CF /* BusIt-ios6-Info.plist */,
				C190D7B517BB0C96005C24F2 /* BusIt-Info.plist */,
				C190D7B617BB0C96005C24F2 /* InfoPlist.strings */,
				C190D7B917BB0C96005C24F2 /* main.m */,
				C190D7BB17BB0C96005C24F2 /* BusIt-Prefix.pch */,
			);
			name = "Supporting Files";
			sourceTree = "<group>";
		};
		C190D7D217BB0C97005C24F2 /* BusItTests */ = {
			isa = PBXGroup;
			children = (
				C190D7D817BB0C97005C24F2 /* BusItTests.m */,
				C190D7D317BB0C97005C24F2 /* Supporting Files */,
			);
			path = BusItTests;
			sourceTree = "<group>";
		};
		C190D7D317BB0C97005C24F2 /* Supporting Files */ = {
			isa = PBXGroup;
			children = (
				C190D7D417BB0C97005C24F2 /* BusItTests-Info.plist */,
				C190D7D517BB0C97005C24F2 /* InfoPlist.strings */,
			);
			name = "Supporting Files";
			sourceTree = "<group>";
		};
		C198C22C17BB11D900A94F4D /* BusMap */ = {
			isa = PBXGroup;
			children = (
				C198C22E17BB124600A94F4D /* BMRoutes.h */,
				C198C22F17BB124600A94F4D /* BMRoutes.m */,
				C198C22D17BB124600A94F4D /* BMOptions.h */,
				C1D9759617BB222F0037B005 /* BMOptions.m */,
				C198C23017BB124600A94F4D /* BMStatusView.h */,
				C198C23117BB124600A94F4D /* BMStatusView.m */,
				C198C23217BB124600A94F4D /* BMVehicle.h */,
				C198C23317BB124600A94F4D /* BMVehicle.m */,
				C198C23417BB124600A94F4D /* BMVehicleAnnotationView.h */,
				C198C23517BB124600A94F4D /* BMVehicleAnnotationView.m */,
				C198C23617BB124600A94F4D /* BMViewController.h */,
				C198C23717BB124600A94F4D /* BMViewController.m */,
				C14DB59117CBBDDE00905967 /* BMEmbeddedMapViewController.h */,
				C14DB59217CBBDDE00905967 /* BMEmbeddedMapViewController.m */,
				C14DB59417CBD10200905967 /* BMCircularAnnotationView.h */,
				C14DB59517CBD10200905967 /* BMCircularAnnotationView.m */,
				C14DB59717CBE03700905967 /* BMStopAnnotationView.h */,
				C14DB59817CBE03700905967 /* BMStopAnnotationView.m */,
				C14DB59A17CBE2A700905967 /* BMStopAnnotation.h */,
				C14DB59B17CBE2A700905967 /* BMStopAnnotation.m */,
			);
			name = BusMap;
			path = BusIt/BusMap;
			sourceTree = "<group>";
		};
		C1B4D60517D0D1690014AB21 /* Models */ = {
			isa = PBXGroup;
			children = (
				C1CEE70C17E8BF5D00C372F5 /* gtfs_tampa.db */,
				C1B4D60817D0D1690014AB21 /* schema.sql */,
				C198C24217BB131B00A94F4D /* BIRest.h */,
				C198C24317BB131B00A94F4D /* BIRest.m */,
				C1B4D61317D0D94C0014AB21 /* BDBusData.h */,
				C1B4D61417D0D94C0014AB21 /* BDBusData.m */,
				C1B4D61617D3C6B60014AB21 /* BDStop.h */,
				C1B4D61717D3C6B60014AB21 /* BDStop.m */,
				C1B4D61917D3C8CC0014AB21 /* BDArrival.h */,
				C1B4D61A17D3C8CC0014AB21 /* BDArrival.m */,
			);
			name = Models;
			path = BusIt/BusData;
			sourceTree = "<group>";
		};
		C1D0BDE317CE950800FA976D /* FMDB */ = {
			isa = PBXGroup;
			children = (
				C1D0BDE417CE950800FA976D /* FMDatabase.h */,
				C1D0BDE517CE950800FA976D /* FMDatabase.m */,
				C1D0BDE617CE950800FA976D /* FMDatabaseAdditions.h */,
				C1D0BDE717CE950800FA976D /* FMDatabaseAdditions.m */,
				C1D0BDE817CE950800FA976D /* FMDatabasePool.h */,
				C1D0BDE917CE950800FA976D /* FMDatabasePool.m */,
				C1D0BDEA17CE950800FA976D /* FMDatabaseQueue.h */,
				C1D0BDEB17CE950800FA976D /* FMDatabaseQueue.m */,
				C1D0BDED17CE950800FA976D /* FMResultSet.h */,
				C1D0BDEE17CE950800FA976D /* FMResultSet.m */,
			);
			path = FMDB;
			sourceTree = "<group>";
		};
/* End PBXGroup section */

/* Begin PBXNativeTarget section */
		C190D7A917BB0C96005C24F2 /* BusIt */ = {
			isa = PBXNativeTarget;
			buildConfigurationList = C190D7DC17BB0C97005C24F2 /* Build configuration list for PBXNativeTarget "BusIt" */;
			buildPhases = (
				C190D7A617BB0C96005C24F2 /* Sources */,
				C190D7A717BB0C96005C24F2 /* Frameworks */,
				C190D7A817BB0C96005C24F2 /* Resources */,
			);
			buildRules = (
			);
			dependencies = (
			);
			name = BusIt;
			productName = BusIt;
			productReference = C190D7AA17BB0C96005C24F2 /* BusIt.app */;
			productType = "com.apple.product-type.application";
		};
		C190D7CA17BB0C96005C24F2 /* BusItTests */ = {
			isa = PBXNativeTarget;
			buildConfigurationList = C190D7DF17BB0C97005C24F2 /* Build configuration list for PBXNativeTarget "BusItTests" */;
			buildPhases = (
				C190D7C717BB0C96005C24F2 /* Sources */,
				C190D7C817BB0C96005C24F2 /* Frameworks */,
				C190D7C917BB0C96005C24F2 /* Resources */,
			);
			buildRules = (
			);
			dependencies = (
				C190D7D117BB0C97005C24F2 /* PBXTargetDependency */,
			);
			name = BusItTests;
			productName = BusItTests;
			productReference = C190D7CB17BB0C96005C24F2 /* BusItTests.xctest */;
			productType = "com.apple.product-type.bundle.unit-test";
		};
		C1F42C9817CC586F001F2825 /* BusIt Deployment */ = {
			isa = PBXNativeTarget;
			buildConfigurationList = C1F42CB517CC586F001F2825 /* Build configuration list for PBXNativeTarget "BusIt Deployment" */;
			buildPhases = (
				C1F42C9917CC586F001F2825 /* Sources */,
				C1F42CAB17CC586F001F2825 /* Frameworks */,
				C1F42CB117CC586F001F2825 /* Resources */,
			);
			buildRules = (
			);
			dependencies = (
			);
			name = "BusIt Deployment";
			productName = BusIt;
			productReference = C1F42CB817CC586F001F2825 /* BusIt 0.1.1.app */;
			productType = "com.apple.product-type.application";
		};
/* End PBXNativeTarget section */

/* Begin PBXProject section */
		C190D7A217BB0C96005C24F2 /* Project object */ = {
			isa = PBXProject;
			attributes = {
				CLASSPREFIX = BI;
				LastUpgradeCheck = 0500;
				ORGANIZATIONNAME = Createch;
				TargetAttributes = {
					C190D7A917BB0C96005C24F2 = {
						DevelopmentTeam = 86ZR44WS4J;
					};
					C190D7CA17BB0C96005C24F2 = {
						TestTargetID = C190D7A917BB0C96005C24F2;
					};
					C1F42C9817CC586F001F2825 = {
						DevelopmentTeam = 86ZR44WS4J;
					};
				};
			};
			buildConfigurationList = C190D7A517BB0C96005C24F2 /* Build configuration list for PBXProject "BusIt" */;
			compatibilityVersion = "Xcode 3.2";
			developmentRegion = English;
			hasScannedForEncodings = 0;
			knownRegions = (
				en,
				Base,
			);
			mainGroup = C190D7A117BB0C96005C24F2;
			productRefGroup = C190D7AB17BB0C96005C24F2 /* Products */;
			projectDirPath = "";
			projectRoot = "";
			targets = (
				C190D7A917BB0C96005C24F2 /* BusIt */,
				C190D7CA17BB0C96005C24F2 /* BusItTests */,
				C1F42C9817CC586F001F2825 /* BusIt Deployment */,
			);
		};
/* End PBXProject section */

/* Begin PBXResourcesBuildPhase section */
		C190D7A817BB0C96005C24F2 /* Resources */ = {
			isa = PBXResourcesBuildPhase;
			buildActionMask = 2147483647;
			files = (
				C1CEE70D17E8BF5D00C372F5 /* gtfs_tampa.db in Resources */,
				C190D7C617BB0C96005C24F2 /* Images.xcassets in Resources */,
				C190D7B817BB0C96005C24F2 /* InfoPlist.strings in Resources */,
				C190D7C117BB0C96005C24F2 /* Main.storyboard in Resources */,
				C1B4D60D17D0D1690014AB21 /* schema.sql in Resources */,
			);
			runOnlyForDeploymentPostprocessing = 0;
		};
		C190D7C917BB0C96005C24F2 /* Resources */ = {
			isa = PBXResourcesBuildPhase;
			buildActionMask = 2147483647;
			files = (
				C190D7D717BB0C97005C24F2 /* InfoPlist.strings in Resources */,
				C1CEE70E17E8BF5D00C372F5 /* gtfs_tampa.db in Resources */,
			);
			runOnlyForDeploymentPostprocessing = 0;
		};
		C1F42CB117CC586F001F2825 /* Resources */ = {
			isa = PBXResourcesBuildPhase;
			buildActionMask = 2147483647;
			files = (
				C1CEE70F17E8BF5D00C372F5 /* gtfs_tampa.db in Resources */,
				C1F42CB217CC586F001F2825 /* Images.xcassets in Resources */,
				C1F42CB317CC586F001F2825 /* InfoPlist.strings in Resources */,
				C1F42CB417CC586F001F2825 /* Main.storyboard in Resources */,
				C1B4D60E17D0D1690014AB21 /* schema.sql in Resources */,
			);
			runOnlyForDeploymentPostprocessing = 0;
		};
/* End PBXResourcesBuildPhase section */

/* Begin PBXSourcesBuildPhase section */
		C190D7A617BB0C96005C24F2 /* Sources */ = {
			isa = PBXSourcesBuildPhase;
			buildActionMask = 2147483647;
			files = (
				C1B4D61B17D3C8CC0014AB21 /* BDArrival.m in Sources */,
				C198C24417BB131B00A94F4D /* BIHelpers.m in Sources */,
				C177FE9E17C3A83A00B2FE4F /* BNNearbyViewController.m in Sources */,
				C1D9759717BB222F0037B005 /* BMOptions.m in Sources */,
				C1D0BDEF17CE950800FA976D /* FMDatabase.m in Sources */,
				C177FE9C17C3A83A00B2FE4F /* BNArrivalsTableViewController.m in Sources */,
				C198C23C17BB124600A94F4D /* BMViewController.m in Sources */,
				C198C23B17BB124600A94F4D /* BMVehicleAnnotationView.m in Sources */,
				C1B4D61817D3C6B60014AB21 /* BDStop.m in Sources */,
				C14DB59317CBBDDE00905967 /* BMEmbeddedMapViewController.m in Sources */,
				C190D7C417BB0C96005C24F2 /* BIViewController.m in Sources */,
				C14DB59C17CBE2A700905967 /* BMStopAnnotation.m in Sources */,
				C198C24517BB131B00A94F4D /* BIRest.m in Sources */,
				C198C23917BB124600A94F4D /* BMStatusView.m in Sources */,
				C190D7BA17BB0C96005C24F2 /* main.m in Sources */,
				C14DB59617CBD10200905967 /* BMCircularAnnotationView.m in Sources */,
				C14DB59917CBE03700905967 /* BMStopAnnotationView.m in Sources */,
				C1D0BDF117CE950800FA976D /* FMDatabaseAdditions.m in Sources */,
				C1D0BDF917CE950800FA976D /* FMResultSet.m in Sources */,
				C198C23A17BB124600A94F4D /* BMVehicle.m in Sources */,
				C1B4D61517D0D94C0014AB21 /* BDBusData.m in Sources */,
				C1D0BDF517CE950800FA976D /* FMDatabaseQueue.m in Sources */,
				C1D0BDF317CE950800FA976D /* FMDatabasePool.m in Sources */,
				C198C23817BB124600A94F4D /* BMRoutes.m in Sources */,
				C190D7BE17BB0C96005C24F2 /* BIAppDelegate.m in Sources */,
			);
			runOnlyForDeploymentPostprocessing = 0;
		};
		C190D7C717BB0C96005C24F2 /* Sources */ = {
			isa = PBXSourcesBuildPhase;
			buildActionMask = 2147483647;
			files = (
				C190D7D917BB0C97005C24F2 /* BusItTests.m in Sources */,
			);
			runOnlyForDeploymentPostprocessing = 0;
		};
		C1F42C9917CC586F001F2825 /* Sources */ = {
			isa = PBXSourcesBuildPhase;
			buildActionMask = 2147483647;
			files = (
				C1F42C9A17CC586F001F2825 /* BIHelpers.m in Sources */,
				C1F42C9B17CC586F001F2825 /* BNNearbyViewController.m in Sources */,
				C1F42C9C17CC586F001F2825 /* BMOptions.m in Sources */,
				C1D0BDF017CE950800FA976D /* FMDatabase.m in Sources */,
				C1F42C9D17CC586F001F2825 /* BNArrivalsTableViewController.m in Sources */,
				C1F42C9E17CC586F001F2825 /* BMViewController.m in Sources */,
				C1F42C9F17CC586F001F2825 /* BMVehicleAnnotationView.m in Sources */,
				C1F42CA017CC586F001F2825 /* BMEmbeddedMapViewController.m in Sources */,
				C1F42CA117CC586F001F2825 /* BIViewController.m in Sources */,
				C1F42CA217CC586F001F2825 /* BMStopAnnotation.m in Sources */,
				C1F42CA317CC586F001F2825 /* BIRest.m in Sources */,
				C1F42CA417CC586F001F2825 /* BMStatusView.m in Sources */,
				C1F42CA517CC586F001F2825 /* main.m in Sources */,
				C1F42CA617CC586F001F2825 /* BMCircularAnnotationView.m in Sources */,
				C1F42CA717CC586F001F2825 /* BMStopAnnotationView.m in Sources */,
				C1D0BDF217CE950800FA976D /* FMDatabaseAdditions.m in Sources */,
				C1D0BDFA17CE950800FA976D /* FMResultSet.m in Sources */,
				C1F42CA817CC586F001F2825 /* BMVehicle.m in Sources */,
				C1D0BDF617CE950800FA976D /* FMDatabaseQueue.m in Sources */,
				C1D0BDF417CE950800FA976D /* FMDatabasePool.m in Sources */,
				C1F42CA917CC586F001F2825 /* BMRoutes.m in Sources */,
				C1F42CAA17CC586F001F2825 /* BIAppDelegate.m in Sources */,
			);
			runOnlyForDeploymentPostprocessing = 0;
		};
/* End PBXSourcesBuildPhase section */

/* Begin PBXTargetDependency section */
		C190D7D117BB0C97005C24F2 /* PBXTargetDependency */ = {
			isa = PBXTargetDependency;
			target = C190D7A917BB0C96005C24F2 /* BusIt */;
			targetProxy = C190D7D017BB0C97005C24F2 /* PBXContainerItemProxy */;
		};
/* End PBXTargetDependency section */

/* Begin PBXVariantGroup section */
		C190D7B617BB0C96005C24F2 /* InfoPlist.strings */ = {
			isa = PBXVariantGroup;
			children = (
				C190D7B717BB0C96005C24F2 /* en */,
			);
			name = InfoPlist.strings;
			sourceTree = "<group>";
		};
		C190D7BF17BB0C96005C24F2 /* Main.storyboard */ = {
			isa = PBXVariantGroup;
			children = (
				C190D7C017BB0C96005C24F2 /* Base */,
			);
			name = Main.storyboard;
			sourceTree = "<group>";
		};
		C190D7D517BB0C97005C24F2 /* InfoPlist.strings */ = {
			isa = PBXVariantGroup;
			children = (
				C190D7D617BB0C97005C24F2 /* en */,
			);
			name = InfoPlist.strings;
			sourceTree = "<group>";
		};
/* End PBXVariantGroup section */

/* Begin XCBuildConfiguration section */
		C190D7DA17BB0C97005C24F2 /* Debug */ = {
			isa = XCBuildConfiguration;
			buildSettings = {
				ALWAYS_SEARCH_USER_PATHS = NO;
				ARCHS = "$(ARCHS_STANDARD_INCLUDING_64_BIT)";
				CLANG_CXX_LANGUAGE_STANDARD = "gnu++0x";
				CLANG_CXX_LIBRARY = "libc++";
				CLANG_ENABLE_MODULES = YES;
				CLANG_ENABLE_OBJC_ARC = YES;
				CLANG_WARN_BOOL_CONVERSION = YES;
				CLANG_WARN_CONSTANT_CONVERSION = YES;
				CLANG_WARN_DIRECT_OBJC_ISA_USAGE = YES_ERROR;
				CLANG_WARN_EMPTY_BODY = YES;
				CLANG_WARN_ENUM_CONVERSION = YES;
				CLANG_WARN_INT_CONVERSION = YES;
				CLANG_WARN_OBJC_ROOT_CLASS = YES_ERROR;
				CLANG_WARN__DUPLICATE_METHOD_MATCH = YES;
				"CODE_SIGN_IDENTITY[sdk=iphoneos*]" = "iPhone Developer";
				COPY_PHASE_STRIP = NO;
				GCC_C_LANGUAGE_STANDARD = gnu99;
				GCC_DYNAMIC_NO_PIC = NO;
				GCC_OPTIMIZATION_LEVEL = 0;
				GCC_PREPROCESSOR_DEFINITIONS = (
					"DEBUG=1",
					"$(inherited)",
				);
				GCC_SYMBOLS_PRIVATE_EXTERN = NO;
				GCC_WARN_ABOUT_RETURN_TYPE = YES_ERROR;
				GCC_WARN_UNDECLARED_SELECTOR = YES;
				GCC_WARN_UNINITIALIZED_AUTOS = YES;
				GCC_WARN_UNUSED_FUNCTION = YES;
				GCC_WARN_UNUSED_VARIABLE = YES;
				IPHONEOS_DEPLOYMENT_TARGET = 7.0;
				ONLY_ACTIVE_ARCH = YES;
				SDKROOT = iphoneos;
			};
			name = Debug;
		};
		C190D7DB17BB0C97005C24F2 /* Release */ = {
			isa = XCBuildConfiguration;
			buildSettings = {
				ALWAYS_SEARCH_USER_PATHS = NO;
				ARCHS = "$(ARCHS_STANDARD_INCLUDING_64_BIT)";
				CLANG_CXX_LANGUAGE_STANDARD = "gnu++0x";
				CLANG_CXX_LIBRARY = "libc++";
				CLANG_ENABLE_MODULES = YES;
				CLANG_ENABLE_OBJC_ARC = YES;
				CLANG_WARN_BOOL_CONVERSION = YES;
				CLANG_WARN_CONSTANT_CONVERSION = YES;
				CLANG_WARN_DIRECT_OBJC_ISA_USAGE = YES_ERROR;
				CLANG_WARN_EMPTY_BODY = YES;
				CLANG_WARN_ENUM_CONVERSION = YES;
				CLANG_WARN_INT_CONVERSION = YES;
				CLANG_WARN_OBJC_ROOT_CLASS = YES_ERROR;
				CLANG_WARN__DUPLICATE_METHOD_MATCH = YES;
				"CODE_SIGN_IDENTITY[sdk=iphoneos*]" = "iPhone Developer";
				COPY_PHASE_STRIP = YES;
				ENABLE_NS_ASSERTIONS = NO;
				GCC_C_LANGUAGE_STANDARD = gnu99;
				GCC_WARN_ABOUT_RETURN_TYPE = YES_ERROR;
				GCC_WARN_UNDECLARED_SELECTOR = YES;
				GCC_WARN_UNINITIALIZED_AUTOS = YES;
				GCC_WARN_UNUSED_FUNCTION = YES;
				GCC_WARN_UNUSED_VARIABLE = YES;
				IPHONEOS_DEPLOYMENT_TARGET = 7.0;
				SDKROOT = iphoneos;
				VALIDATE_PRODUCT = YES;
			};
			name = Release;
		};
		C190D7DD17BB0C97005C24F2 /* Debug */ = {
			isa = XCBuildConfiguration;
			buildSettings = {
				ASSETCATALOG_COMPILER_APPICON_NAME = AppIcon;
				ASSETCATALOG_COMPILER_LAUNCHIMAGE_NAME = LaunchImage;
				CODE_SIGN_IDENTITY = "iPhone Developer";
				"CODE_SIGN_IDENTITY[sdk=iphoneos*]" = "iPhone Developer";
				GCC_PRECOMPILE_PREFIX_HEADER = YES;
				GCC_PREFIX_HEADER = "BusIt/BusIt-Prefix.pch";
				INFOPLIST_FILE = "BusIt/BusIt-Info.plist";
				PRODUCT_NAME = "$(TARGET_NAME)";
				PROVISIONING_PROFILE = "";
				WRAPPER_EXTENSION = app;
			};
			name = Debug;
		};
		C190D7DE17BB0C97005C24F2 /* Release */ = {
			isa = XCBuildConfiguration;
			buildSettings = {
				ASSETCATALOG_COMPILER_APPICON_NAME = AppIcon;
				ASSETCATALOG_COMPILER_LAUNCHIMAGE_NAME = LaunchImage;
				CODE_SIGN_IDENTITY = "iPhone Developer";
				"CODE_SIGN_IDENTITY[sdk=iphoneos*]" = "iPhone Developer";
				GCC_PRECOMPILE_PREFIX_HEADER = YES;
				GCC_PREFIX_HEADER = "BusIt/BusIt-Prefix.pch";
				INFOPLIST_FILE = "BusIt/BusIt-Info.plist";
				PRODUCT_NAME = "$(TARGET_NAME)";
				PROVISIONING_PROFILE = "";
				WRAPPER_EXTENSION = app;
			};
			name = Release;
		};
		C190D7E017BB0C97005C24F2 /* Debug */ = {
			isa = XCBuildConfiguration;
			buildSettings = {
				BUNDLE_LOADER = "$(BUILT_PRODUCTS_DIR)/BusIt.app/BusIt";
				FRAMEWORK_SEARCH_PATHS = (
					"$(SDKROOT)/Developer/Library/Frameworks",
					"$(inherited)",
					"$(DEVELOPER_FRAMEWORKS_DIR)",
				);
				GCC_PRECOMPILE_PREFIX_HEADER = YES;
				GCC_PREFIX_HEADER = "BusIt/BusIt-Prefix.pch";
				GCC_PREPROCESSOR_DEFINITIONS = (
					"DEBUG=1",
					"$(inherited)",
				);
				INFOPLIST_FILE = "BusItTests/BusItTests-Info.plist";
				PRODUCT_NAME = "$(TARGET_NAME)";
				TEST_HOST = "$(BUNDLE_LOADER)";
				WRAPPER_EXTENSION = xctest;
			};
			name = Debug;
		};
		C190D7E117BB0C97005C24F2 /* Release */ = {
			isa = XCBuildConfiguration;
			buildSettings = {
				BUNDLE_LOADER = "$(BUILT_PRODUCTS_DIR)/BusIt.app/BusIt";
				FRAMEWORK_SEARCH_PATHS = (
					"$(SDKROOT)/Developer/Library/Frameworks",
					"$(inherited)",
					"$(DEVELOPER_FRAMEWORKS_DIR)",
				);
				GCC_PRECOMPILE_PREFIX_HEADER = YES;
				GCC_PREFIX_HEADER = "BusIt/BusIt-Prefix.pch";
				INFOPLIST_FILE = "BusItTests/BusItTests-Info.plist";
				PRODUCT_NAME = "$(TARGET_NAME)";
				TEST_HOST = "$(BUNDLE_LOADER)";
				WRAPPER_EXTENSION = xctest;
			};
			name = Release;
		};
		C1F42CB617CC586F001F2825 /* Debug */ = {
			isa = XCBuildConfiguration;
			buildSettings = {
				ASSETCATALOG_COMPILER_APPICON_NAME = AppIcon;
				ASSETCATALOG_COMPILER_LAUNCHIMAGE_NAME = LaunchImage;
				CODE_SIGN_IDENTITY = "iPhone Developer";
				"CODE_SIGN_IDENTITY[sdk=iphoneos*]" = "iPhone Developer";
				GCC_PRECOMPILE_PREFIX_HEADER = YES;
				GCC_PREFIX_HEADER = "BusIt/BusIt-Prefix.pch";
				INFOPLIST_FILE = "BusIt copy2-Info.plist";
				IPHONEOS_DEPLOYMENT_TARGET = 6.0;
				PRODUCT_NAME = "BusIt 0.1.1";
				PROVISIONING_PROFILE = "";
				WRAPPER_EXTENSION = app;
			};
			name = Debug;
		};
		C1F42CB717CC586F001F2825 /* Release */ = {
			isa = XCBuildConfiguration;
			buildSettings = {
				ASSETCATALOG_COMPILER_APPICON_NAME = AppIcon;
				ASSETCATALOG_COMPILER_LAUNCHIMAGE_NAME = LaunchImage;
				CODE_SIGN_IDENTITY = "iPhone Developer";
				"CODE_SIGN_IDENTITY[sdk=iphoneos*]" = "iPhone Developer";
				GCC_PRECOMPILE_PREFIX_HEADER = YES;
				GCC_PREFIX_HEADER = "BusIt/BusIt-Prefix.pch";
				INFOPLIST_FILE = "BusIt copy2-Info.plist";
				IPHONEOS_DEPLOYMENT_TARGET = 6.0;
				PRODUCT_NAME = "BusIt 0.1.1";
				PROVISIONING_PROFILE = "";
				WRAPPER_EXTENSION = app;
			};
			name = Release;
		};
/* End XCBuildConfiguration section */

/* Begin XCConfigurationList section */
		C190D7A517BB0C96005C24F2 /* Build configuration list for PBXProject "BusIt" */ = {
			isa = XCConfigurationList;
			buildConfigurations = (
				C190D7DA17BB0C97005C24F2 /* Debug */,
				C190D7DB17BB0C97005C24F2 /* Release */,
			);
			defaultConfigurationIsVisible = 0;
			defaultConfigurationName = Release;
		};
		C190D7DC17BB0C97005C24F2 /* Build configuration list for PBXNativeTarget "BusIt" */ = {
			isa = XCConfigurationList;
			buildConfigurations = (
				C190D7DD17BB0C97005C24F2 /* Debug */,
				C190D7DE17BB0C97005C24F2 /* Release */,
			);
			defaultConfigurationIsVisible = 0;
			defaultConfigurationName = Release;
		};
		C190D7DF17BB0C97005C24F2 /* Build configuration list for PBXNativeTarget "BusItTests" */ = {
			isa = XCConfigurationList;
			buildConfigurations = (
				C190D7E017BB0C97005C24F2 /* Debug */,
				C190D7E117BB0C97005C24F2 /* Release */,
			);
			defaultConfigurationIsVisible = 0;
			defaultConfigurationName = Release;
		};
		C1F42CB517CC586F001F2825 /* Build configuration list for PBXNativeTarget "BusIt Deployment" */ = {
			isa = XCConfigurationList;
			buildConfigurations = (
				C1F42CB617CC586F001F2825 /* Debug */,
				C1F42CB717CC586F001F2825 /* Release */,
			);
			defaultConfigurationIsVisible = 0;
			defaultConfigurationName = Release;
		};
/* End XCConfigurationList section */
	};
	rootObject = C190D7A217BB0C96005C24F2 /* Project object */;
}
